
Microsoft Visual Studio Solution File, Format Version 12.00
# Visual Studio Version 17
VisualStudioVersion = 17.1.32421.90
MinimumVisualStudioVersion = 10.0.40219.1
Project("{FAE04EC0-301F-11D3-BF4B-00C04F79EFBC}") = "WeatherApi", "WeatherApi\WeatherApi.csproj", "{645D8E4F-1FE8-4D51-981F-28031CB3F79B}"
EndProject
Global
	GlobalSection(SolutionConfigurationPlatforms) = preSolution
		Debug|Any CPU = Debug|Any CPU
		Release|Any CPU = Release|Any CPU
	EndGlobalSection
	GlobalSection(ProjectConfigurationPlatforms) = postSolution
		{645D8E4F-1FE8-4D51-981F-28031CB3F79B}.Debug|Any CPU.ActiveCfg = Debug|Any CPU
		{645D8E4F-1FE8-4D51-981F-28031CB3F79B}.Debug|Any CPU.Build.0 = Debug|Any CPU
		{645D8E4F-1FE8-4D51-981F-28031CB3F79B}.Release|Any CPU.ActiveCfg = Release|Any CPU
		{645D8E4F-1FE8-4D51-981F-28031CB3F79B}.Release|Any CPU.Build.0 = Release|Any CPU
	EndGlobalSection
	GlobalSection(SolutionProperties) = preSolution
		HideSolutionNode = FALSE
	EndGlobalSection
	GlobalSection(ExtensibilityGlobals) = postSolution
		SolutionGuid = {2D220B3A-DD55-449D-9D6C-FC5C6667A582}
	EndGlobalSection
EndGlobal
